
Microsoft Visual Studio Solution File, Format Version 12.00
# Visual Studio Version 17
VisualStudioVersion = 17.13.35825.156 d17.13
MinimumVisualStudioVersion = 10.0.40219.1
Project("{FAE04EC0-301F-11D3-BF4B-00C04F79EFBC}") = "CourseWork_Shchegol", "CourseWork_Shchegol\CourseWork_Shchegol.csproj", "{A59BAEB9-AB11-452E-8D7C-B03DA0DE73D0}"
EndProject
Global
	GlobalSection(SolutionConfigurationPlatforms) = preSolution
		Debug|Any CPU = Debug|Any CPU
		Release|Any CPU = Release|Any CPU
	EndGlobalSection
	GlobalSection(ProjectConfigurationPlatforms) = postSolution
		{A59BAEB9-AB11-452E-8D7C-B03DA0DE73D0}.Debug|Any CPU.ActiveCfg = Debug|Any CPU
		{A59BAEB9-AB11-452E-8D7C-B03DA0DE73D0}.Debug|Any CPU.Build.0 = Debug|Any CPU
		{A59BAEB9-AB11-452E-8D7C-B03DA0DE73D0}.Release|Any CPU.ActiveCfg = Release|Any CPU
		{A59BAEB9-AB11-452E-8D7C-B03DA0DE73D0}.Release|Any CPU.Build.0 = Release|Any CPU
	EndGlobalSection
	GlobalSection(SolutionProperties) = preSolution
		HideSolutionNode = FALSE
	EndGlobalSection
	GlobalSection(ExtensibilityGlobals) = postSolution
		SolutionGuid = {E7D0ECB6-D47B-4F29-9D54-3D7B8BAD943C}
	EndGlobalSection
EndGlobal
